
Microsoft Visual Studio Solution File, Format Version 12.00
# Visual Studio Version 17
VisualStudioVersion = 17.10.35004.147
MinimumVisualStudioVersion = 10.0.40219.1
Project("{9A19103F-16F7-4668-BE54-9A1E7A4F7556}") = "Laboratory", "Laboratory\Laboratory.csproj", "{66E7500F-847C-41ED-9ABD-64CAB6EE56DE}"
EndProject
Project("{9A19103F-16F7-4668-BE54-9A1E7A4F7556}") = "Laboratory.Test", "Laboratory.Test\Laboratory.Test.csproj", "{EF101B86-DDBB-420C-99C9-3166DF984DD3}"
EndProject
Global
	GlobalSection(SolutionConfigurationPlatforms) = preSolution
		Debug|Any CPU = Debug|Any CPU
		Release|Any CPU = Release|Any CPU
	EndGlobalSection
	GlobalSection(ProjectConfigurationPlatforms) = postSolution
		{66E7500F-847C-41ED-9ABD-64CAB6EE56DE}.Debug|Any CPU.ActiveCfg = Debug|Any CPU
		{66E7500F-847C-41ED-9ABD-64CAB6EE56DE}.Debug|Any CPU.Build.0 = Debug|Any CPU
		{66E7500F-847C-41ED-9ABD-64CAB6EE56DE}.Release|Any CPU.ActiveCfg = Release|Any CPU
		{66E7500F-847C-41ED-9ABD-64CAB6EE56DE}.Release|Any CPU.Build.0 = Release|Any CPU
		{EF101B86-DDBB-420C-99C9-3166DF984DD3}.Debug|Any CPU.ActiveCfg = Debug|Any CPU
		{EF101B86-DDBB-420C-99C9-3166DF984DD3}.Debug|Any CPU.Build.0 = Debug|Any CPU
		{EF101B86-DDBB-420C-99C9-3166DF984DD3}.Release|Any CPU.ActiveCfg = Release|Any CPU
		{EF101B86-DDBB-420C-99C9-3166DF984DD3}.Release|Any CPU.Build.0 = Release|Any CPU
	EndGlobalSection
	GlobalSection(SolutionProperties) = preSolution
		HideSolutionNode = FALSE
	EndGlobalSection
	GlobalSection(ExtensibilityGlobals) = postSolution
		SolutionGuid = {A3022CC0-B2E5-4877-8262-795FDD5151C9}
	EndGlobalSection
EndGlobal
